
Microsoft Visual Studio Solution File, Format Version 12.00
# Visual Studio Version 17
VisualStudioVersion = 17.14.36717.8
MinimumVisualStudioVersion = 10.0.40219.1
Project("{FAE04EC0-301F-11D3-BF4B-00C04F79EFBC}") = "Santander.BestStories.Api", "Santander.BestStories\Santander.BestStories.Api.csproj", "{EA6D08F8-A963-4145-ACAD-DFD1CB255B9D}"
EndProject
Project("{FAE04EC0-301F-11D3-BF4B-00C04F79EFBC}") = "Santander.BestStories.Application", "Santander.BestStories.Application\Santander.BestStories.Application.csproj", "{63E262AD-8346-440E-AFCE-D558B18E274C}"
EndProject
Project("{FAE04EC0-301F-11D3-BF4B-00C04F79EFBC}") = "Santander.BestStories.InfraStructure", "Santander.BestStories.InfraStructure\Santander.BestStories.InfraStructure.csproj", "{203BAC26-856A-4DDE-9DB5-FD50A4858370}"
EndProject
Project("{2150E333-8FDC-42A3-9474-1A3956D46DE8}") = "01-API", "01-API", "{02EA681E-C7D8-13C7-8484-4AC65E1B71E8}"
EndProject
Project("{2150E333-8FDC-42A3-9474-1A3956D46DE8}") = "02- Application", "02- Application", "{EB7B2BAA-90EB-44E9-9762-B443B7B0AE0C}"
EndProject
Project("{2150E333-8FDC-42A3-9474-1A3956D46DE8}") = "03 - Infrastructure", "03 - Infrastructure", "{AAF9FE34-FA8E-4BC5-AC7F-19445AB453D3}"
EndProject
Project("{2150E333-8FDC-42A3-9474-1A3956D46DE8}") = "Solution Items", "Solution Items", "{8EC462FD-D22E-90A8-E5CE-7E832BA40C5D}"
	ProjectSection(SolutionItems) = preProject
		.gitignore = .gitignore
		docker-compose.yml = docker-compose.yml
		README.md = README.md
	EndProjectSection
EndProject
Global
	GlobalSection(SolutionConfigurationPlatforms) = preSolution
		Debug|Any CPU = Debug|Any CPU
		Release|Any CPU = Release|Any CPU
	EndGlobalSection
	GlobalSection(ProjectConfigurationPlatforms) = postSolution
		{EA6D08F8-A963-4145-ACAD-DFD1CB255B9D}.Debug|Any CPU.ActiveCfg = Debug|Any CPU
		{EA6D08F8-A963-4145-ACAD-DFD1CB255B9D}.Debug|Any CPU.Build.0 = Debug|Any CPU
		{EA6D08F8-A963-4145-ACAD-DFD1CB255B9D}.Release|Any CPU.ActiveCfg = Release|Any CPU
		{EA6D08F8-A963-4145-ACAD-DFD1CB255B9D}.Release|Any CPU.Build.0 = Release|Any CPU
		{63E262AD-8346-440E-AFCE-D558B18E274C}.Debug|Any CPU.ActiveCfg = Debug|Any CPU
		{63E262AD-8346-440E-AFCE-D558B18E274C}.Debug|Any CPU.Build.0 = Debug|Any CPU
		{63E262AD-8346-440E-AFCE-D558B18E274C}.Release|Any CPU.ActiveCfg = Release|Any CPU
		{63E262AD-8346-440E-AFCE-D558B18E274C}.Release|Any CPU.Build.0 = Release|Any CPU
		{203BAC26-856A-4DDE-9DB5-FD50A4858370}.Debug|Any CPU.ActiveCfg = Debug|Any CPU
		{203BAC26-856A-4DDE-9DB5-FD50A4858370}.Debug|Any CPU.Build.0 = Debug|Any CPU
		{203BAC26-856A-4DDE-9DB5-FD50A4858370}.Release|Any CPU.ActiveCfg = Release|Any CPU
		{203BAC26-856A-4DDE-9DB5-FD50A4858370}.Release|Any CPU.Build.0 = Release|Any CPU
	EndGlobalSection
	GlobalSection(SolutionProperties) = preSolution
		HideSolutionNode = FALSE
	EndGlobalSection
	GlobalSection(NestedProjects) = preSolution
		{EA6D08F8-A963-4145-ACAD-DFD1CB255B9D} = {02EA681E-C7D8-13C7-8484-4AC65E1B71E8}
		{63E262AD-8346-440E-AFCE-D558B18E274C} = {EB7B2BAA-90EB-44E9-9762-B443B7B0AE0C}
		{203BAC26-856A-4DDE-9DB5-FD50A4858370} = {AAF9FE34-FA8E-4BC5-AC7F-19445AB453D3}
	EndGlobalSection
	GlobalSection(ExtensibilityGlobals) = postSolution
		SolutionGuid = {D5F7476F-1C1C-4A44-ABD4-9991F149EF51}
	EndGlobalSection
EndGlobal
